// !$*UTF8*$!
{
	archiveVersion = 1;
	classes = {
	};
	objectVersion = 50;
	objects = {

/* Begin PBXBuildFile section */
		D9CB0E8F26093DD8009203AB /* AppDelegate.swift in Sources */ = {isa = PBXBuildFile; fileRef = D9CB0E8E26093DD8009203AB /* AppDelegate.swift */; };
		D9CB0E9126093DD8009203AB /* SceneDelegate.swift in Sources */ = {isa = PBXBuildFile; fileRef = D9CB0E9026093DD8009203AB /* SceneDelegate.swift */; };
		D9CB0E9326093DD8009203AB /* ViewController.swift in Sources */ = {isa = PBXBuildFile; fileRef = D9CB0E9226093DD8009203AB /* ViewController.swift */; };
		D9CB0E9626093DD8009203AB /* Main.storyboard in Resources */ = {isa = PBXBuildFile; fileRef = D9CB0E9426093DD8009203AB /* Main.storyboard */; };
		D9CB0E9826093DD9009203AB /* Assets.xcassets in Resources */ = {isa = PBXBuildFile; fileRef = D9CB0E9726093DD9009203AB /* Assets.xcassets */; };
		D9CB0E9B26093DD9009203AB /* LaunchScreen.storyboard in Resources */ = {isa = PBXBuildFile; fileRef = D9CB0E9926093DD9009203AB /* LaunchScreen.storyboard */; };
		D9CB0EA626093DDA009203AB /* ParstagramTests.swift in Sources */ = {isa = PBXBuildFile; fileRef = D9CB0EA526093DDA009203AB /* ParstagramTests.swift */; };
		D9CB0EB126093DDA009203AB /* ParstagramUITests.swift in Sources */ = {isa = PBXBuildFile; fileRef = D9CB0EB026093DDA009203AB /* ParstagramUITests.swift */; };
/* End PBXBuildFile section */

/* Begin PBXContainerItemProxy section */
		D9CB0EA226093DDA009203AB /* PBXContainerItemProxy */ = {
			isa = PBXContainerItemProxy;
			containerPortal = D9CB0E8326093DD8009203AB /* Project object */;
			proxyType = 1;
			remoteGlobalIDString = D9CB0E8A26093DD8009203AB;
			remoteInfo = Parstagram;
		};
		D9CB0EAD26093DDA009203AB /* PBXContainerItemProxy */ = {
			isa = PBXContainerItemProxy;
			containerPortal = D9CB0E8326093DD8009203AB /* Project object */;
			proxyType = 1;
			remoteGlobalIDString = D9CB0E8A26093DD8009203AB;
			remoteInfo = Parstagram;
		};
/* End PBXContainerItemProxy section */

/* Begin PBXFileReference section */
		D9CB0E8B26093DD8009203AB /* Parstagram.app */ = {isa = PBXFileReference; explicitFileType = wrapper.application; includeInIndex = 0; path = Parstagram.app; sourceTree = BUILT_PRODUCTS_DIR; };
		D9CB0E8E26093DD8009203AB /* AppDelegate.swift */ = {isa = PBXFileReference; lastKnownFileType = sourcecode.swift; path = AppDelegate.swift; sourceTree = "<group>"; };
		D9CB0E9026093DD8009203AB /* SceneDelegate.swift */ = {isa = PBXFileReference; lastKnownFileType = sourcecode.swift; path = SceneDelegate.swift; sourceTree = "<group>"; };
		D9CB0E9226093DD8009203AB /* ViewController.swift */ = {isa = PBXFileReference; lastKnownFileType = sourcecode.swift; path = ViewController.swift; sourceTree = "<group>"; };
		D9CB0E9526093DD8009203AB /* Base */ = {isa = PBXFileReference; lastKnownFileType = file.storyboard; name = Base; path = Base.lproj/Main.storyboard; sourceTree = "<group>"; };
		D9CB0E9726093DD9009203AB /* Assets.xcassets */ = {isa = PBXFileReference; lastKnownFileType = folder.assetcatalog; path = Assets.xcassets; sourceTree = "<group>"; };
		D9CB0E9A26093DD9009203AB /* Base */ = {isa = PBXFileReference; lastKnownFileType = file.storyboard; name = Base; path = Base.lproj/LaunchScreen.storyboard; sourceTree = "<group>"; };
		D9CB0E9C26093DD9009203AB /* Info.plist */ = {isa = PBXFileReference; lastKnownFileType = text.plist.xml; path = Info.plist; sourceTree = "<group>"; };
		D9CB0EA126093DDA009203AB /* ParstagramTests.xctest */ = {isa = PBXFileReference; explicitFileType = wrapper.cfbundle; includeInIndex = 0; path = ParstagramTests.xctest; sourceTree = BUILT_PRODUCTS_DIR; };
		D9CB0EA526093DDA009203AB /* ParstagramTests.swift */ = {isa = PBXFileReference; lastKnownFileType = sourcecode.swift; path = ParstagramTests.swift; sourceTree = "<group>"; };
		D9CB0EA726093DDA009203AB /* Info.plist */ = {isa = PBXFileReference; lastKnownFileType = text.plist.xml; path = Info.plist; sourceTree = "<group>"; };
		D9CB0EAC26093DDA009203AB /* ParstagramUITests.xctest */ = {isa = PBXFileReference; explicitFileType = wrapper.cfbundle; includeInIndex = 0; path = ParstagramUITests.xctest; sourceTree = BUILT_PRODUCTS_DIR; };
		D9CB0EB026093DDA009203AB /* ParstagramUITests.swift */ = {isa = PBXFileReference; lastKnownFileType = sourcecode.swift; path = ParstagramUITests.swift; sourceTree = "<group>"; };
		D9CB0EB226093DDA009203AB /* Info.plist */ = {isa = PBXFileReference; lastKnownFileType = text.plist.xml; path = Info.plist; sourceTree = "<group>"; };
/* End PBXFileReference section */

/* Begin PBXFrameworksBuildPhase section */
		D9CB0E8826093DD8009203AB /* Frameworks */ = {
			isa = PBXFrameworksBuildPhase;
			buildActionMask = 2147483647;
			files = (
			);
			runOnlyForDeploymentPostprocessing = 0;
		};
		D9CB0E9E26093DDA009203AB /* Frameworks */ = {
			isa = PBXFrameworksBuildPhase;
			buildActionMask = 2147483647;
			files = (
			);
			runOnlyForDeploymentPostprocessing = 0;
		};
		D9CB0EA926093DDA009203AB /* Frameworks */ = {
			isa = PBXFrameworksBuildPhase;
			buildActionMask = 2147483647;
			files = (
			);
			runOnlyForDeploymentPostprocessing = 0;
		};
/* End PBXFrameworksBuildPhase section */

/* Begin PBXGroup section */
		D9CB0E8226093DD8009203AB = {
			isa = PBXGroup;
			children = (
				D9CB0E8D26093DD8009203AB /* Parstagram */,
				D9CB0EA426093DDA009203AB /* ParstagramTests */,
				D9CB0EAF26093DDA009203AB /* ParstagramUITests */,
				D9CB0E8C26093DD8009203AB /* Products */,
			);
			sourceTree = "<group>";
		};
		D9CB0E8C26093DD8009203AB /* Products */ = {
			isa = PBXGroup;
			children = (
				D9CB0E8B26093DD8009203AB /* Parstagram.app */,
				D9CB0EA126093DDA009203AB /* ParstagramTests.xctest */,
				D9CB0EAC26093DDA009203AB /* ParstagramUITests.xctest */,
			);
			name = Products;
			sourceTree = "<group>";
		};
		D9CB0E8D26093DD8009203AB /* Parstagram */ = {
			isa = PBXGroup;
			children = (
				D9CB0E8E26093DD8009203AB /* AppDelegate.swift */,
				D9CB0E9026093DD8009203AB /* SceneDelegate.swift */,
				D9CB0E9226093DD8009203AB /* ViewController.swift */,
				D9CB0E9426093DD8009203AB /* Main.storyboard */,
				D9CB0E9726093DD9009203AB /* Assets.xcassets */,
				D9CB0E9926093DD9009203AB /* LaunchScreen.storyboard */,
				D9CB0E9C26093DD9009203AB /* Info.plist */,
			);
			path = Parstagram;
			sourceTree = "<group>";
		};
		D9CB0EA426093DDA009203AB /* ParstagramTests */ = {
			isa = PBXGroup;
			children = (
				D9CB0EA526093DDA009203AB /* ParstagramTests.swift */,
				D9CB0EA726093DDA009203AB /* Info.plist */,
			);
			path = ParstagramTests;
			sourceTree = "<group>";
		};
		D9CB0EAF26093DDA009203AB /* ParstagramUITests */ = {
			isa = PBXGroup;
			children = (
				D9CB0EB026093DDA009203AB /* ParstagramUITests.swift */,
				D9CB0EB226093DDA009203AB /* Info.plist */,
			);
			path = ParstagramUITests;
			sourceTree = "<group>";
		};
/* End PBXGroup section */

/* Begin PBXNativeTarget section */
		D9CB0E8A26093DD8009203AB /* Parstagram */ = {
			isa = PBXNativeTarget;
			buildConfigurationList = D9CB0EB526093DDA009203AB /* Build configuration list for PBXNativeTarget "Parstagram" */;
			buildPhases = (
				D9CB0E8726093DD8009203AB /* Sources */,
				D9CB0E8826093DD8009203AB /* Frameworks */,
				D9CB0E8926093DD8009203AB /* Resources */,
			);
			buildRules = (
			);
			dependencies = (
			);
			name = Parstagram;
			productName = Parstagram;
			productReference = D9CB0E8B26093DD8009203AB /* Parstagram.app */;
			productType = "com.apple.product-type.application";
		};
		D9CB0EA026093DDA009203AB /* ParstagramTests */ = {
			isa = PBXNativeTarget;
			buildConfigurationList = D9CB0EB826093DDA009203AB /* Build configuration list for PBXNativeTarget "ParstagramTests" */;
			buildPhases = (
				D9CB0E9D26093DDA009203AB /* Sources */,
				D9CB0E9E26093DDA009203AB /* Frameworks */,
				D9CB0E9F26093DDA009203AB /* Resources */,
			);
			buildRules = (
			);
			dependencies = (
				D9CB0EA326093DDA009203AB /* PBXTargetDependency */,
			);
			name = ParstagramTests;
			productName = ParstagramTests;
			productReference = D9CB0EA126093DDA009203AB /* ParstagramTests.xctest */;
			productType = "com.apple.product-type.bundle.unit-test";
		};
		D9CB0EAB26093DDA009203AB /* ParstagramUITests */ = {
			isa = PBXNativeTarget;
			buildConfigurationList = D9CB0EBB26093DDA009203AB /* Build configuration list for PBXNativeTarget "ParstagramUITests" */;
			buildPhases = (
				D9CB0EA826093DDA009203AB /* Sources */,
				D9CB0EA926093DDA009203AB /* Frameworks */,
				D9CB0EAA26093DDA009203AB /* Resources */,
			);
			buildRules = (
			);
			dependencies = (
				D9CB0EAE26093DDA009203AB /* PBXTargetDependency */,
			);
			name = ParstagramUITests;
			productName = ParstagramUITests;
			productReference = D9CB0EAC26093DDA009203AB /* ParstagramUITests.xctest */;
			productType = "com.apple.product-type.bundle.ui-testing";
		};
/* End PBXNativeTarget section */

/* Begin PBXProject section */
		D9CB0E8326093DD8009203AB /* Project object */ = {
			isa = PBXProject;
			attributes = {
				LastSwiftUpdateCheck = 1240;
				LastUpgradeCheck = 1240;
				TargetAttributes = {
					D9CB0E8A26093DD8009203AB = {
						CreatedOnToolsVersion = 12.4;
					};
					D9CB0EA026093DDA009203AB = {
						CreatedOnToolsVersion = 12.4;
						TestTargetID = D9CB0E8A26093DD8009203AB;
					};
					D9CB0EAB26093DDA009203AB = {
						CreatedOnToolsVersion = 12.4;
						TestTargetID = D9CB0E8A26093DD8009203AB;
					};
				};
			};
			buildConfigurationList = D9CB0E8626093DD8009203AB /* Build configuration list for PBXProject "Parstagram" */;
			compatibilityVersion = "Xcode 9.3";
			developmentRegion = en;
			hasScannedForEncodings = 0;
			knownRegions = (
				en,
				Base,
			);
			mainGroup = D9CB0E8226093DD8009203AB;
			productRefGroup = D9CB0E8C26093DD8009203AB /* Products */;
			projectDirPath = "";
			projectRoot = "";
			targets = (
				D9CB0E8A26093DD8009203AB /* Parstagram */,
				D9CB0EA026093DDA009203AB /* ParstagramTests */,
				D9CB0EAB26093DDA009203AB /* ParstagramUITests */,
			);
		};
/* End PBXProject section */

/* Begin PBXResourcesBuildPhase section */
		D9CB0E8926093DD8009203AB /* Resources */ = {
			isa = PBXResourcesBuildPhase;
			buildActionMask = 2147483647;
			files = (
				D9CB0E9B26093DD9009203AB /* LaunchScreen.storyboard in Resources */,
				D9CB0E9826093DD9009203AB /* Assets.xcassets in Resources */,
				D9CB0E9626093DD8009203AB /* Main.storyboard in Resources */,
			);
			runOnlyForDeploymentPostprocessing = 0;
		};
		D9CB0E9F26093DDA009203AB /* Resources */ = {
			isa = PBXResourcesBuildPhase;
			buildActionMask = 2147483647;
			files = (
			);
			runOnlyForDeploymentPostprocessing = 0;
		};
		D9CB0EAA26093DDA009203AB /* Resources */ = {
			isa = PBXResourcesBuildPhase;
			buildActionMask = 2147483647;
			files = (
			);
			runOnlyForDeploymentPostprocessing = 0;
		};
/* End PBXResourcesBuildPhase section */

/* Begin PBXSourcesBuildPhase section */
		D9CB0E8726093DD8009203AB /* Sources */ = {
			isa = PBXSourcesBuildPhase;
			buildActionMask = 2147483647;
			files = (
				D9CB0E9326093DD8009203AB /* ViewController.swift in Sources */,
				D9CB0E8F26093DD8009203AB /* AppDelegate.swift in Sources */,
				D9CB0E9126093DD8009203AB /* SceneDelegate.swift in Sources */,
			);
			runOnlyForDeploymentPostprocessing = 0;
		};
		D9CB0E9D26093DDA009203AB /* Sources */ = {
			isa = PBXSourcesBuildPhase;
			buildActionMask = 2147483647;
			files = (
				D9CB0EA626093DDA009203AB /* ParstagramTests.swift in Sources */,
			);
			runOnlyForDeploymentPostprocessing = 0;
		};
		D9CB0EA826093DDA009203AB /* Sources */ = {
			isa = PBXSourcesBuildPhase;
			buildActionMask = 2147483647;
			files = (
				D9CB0EB126093DDA009203AB /* ParstagramUITests.swift in Sources */,
			);
			runOnlyForDeploymentPostprocessing = 0;
		};
/* End PBXSourcesBuildPhase section */

/* Begin PBXTargetDependency section */
		D9CB0EA326093DDA009203AB /* PBXTargetDependency */ = {
			isa = PBXTargetDependency;
			target = D9CB0E8A26093DD8009203AB /* Parstagram */;
			targetProxy = D9CB0EA226093DDA009203AB /* PBXContainerItemProxy */;
		};
		D9CB0EAE26093DDA009203AB /* PBXTargetDependency */ = {
			isa = PBXTargetDependency;
			target = D9CB0E8A26093DD8009203AB /* Parstagram */;
			targetProxy = D9CB0EAD26093DDA009203AB /* PBXContainerItemProxy */;
		};
/* End PBXTargetDependency section */

/* Begin PBXVariantGroup section */
		D9CB0E9426093DD8009203AB /* Main.storyboard */ = {
			isa = PBXVariantGroup;
			children = (
				D9CB0E9526093DD8009203AB /* Base */,
			);
			name = Main.storyboard;
			sourceTree = "<group>";
		};
		D9CB0E9926093DD9009203AB /* LaunchScreen.storyboard */ = {
			isa = PBXVariantGroup;
			children = (
				D9CB0E9A26093DD9009203AB /* Base */,
			);
			name = LaunchScreen.storyboard;
			sourceTree = "<group>";
		};
/* End PBXVariantGroup section */

/* Begin XCBuildConfiguration section */
		D9CB0EB326093DDA009203AB /* Debug */ = {
			isa = XCBuildConfiguration;
			buildSettings = {
				ALWAYS_SEARCH_USER_PATHS = NO;
				CLANG_ANALYZER_NONNULL = YES;
				CLANG_ANALYZER_NUMBER_OBJECT_CONVERSION = YES_AGGRESSIVE;
				CLANG_CXX_LANGUAGE_STANDARD = "gnu++14";
				CLANG_CXX_LIBRARY = "libc++";
				CLANG_ENABLE_MODULES = YES;
				CLANG_ENABLE_OBJC_ARC = YES;
				CLANG_ENABLE_OBJC_WEAK = YES;
				CLANG_WARN_BLOCK_CAPTURE_AUTORELEASING = YES;
				CLANG_WARN_BOOL_CONVERSION = YES;
				CLANG_WARN_COMMA = YES;
				CLANG_WARN_CONSTANT_CONVERSION = YES;
				CLANG_WARN_DEPRECATED_OBJC_IMPLEMENTATIONS = YES;
				CLANG_WARN_DIRECT_OBJC_ISA_USAGE = YES_ERROR;
				CLANG_WARN_DOCUMENTATION_COMMENTS = YES;
				CLANG_WARN_EMPTY_BODY = YES;
				CLANG_WARN_ENUM_CONVERSION = YES;
				CLANG_WARN_INFINITE_RECURSION = YES;
				CLANG_WARN_INT_CONVERSION = YES;
				CLANG_WARN_NON_LITERAL_NULL_CONVERSION = YES;
				CLANG_WARN_OBJC_IMPLICIT_RETAIN_SELF = YES;
				CLANG_WARN_OBJC_LITERAL_CONVERSION = YES;
				CLANG_WARN_OBJC_ROOT_CLASS = YES_ERROR;
				CLANG_WARN_QUOTED_INCLUDE_IN_FRAMEWORK_HEADER = YES;
				CLANG_WARN_RANGE_LOOP_ANALYSIS = YES;
				CLANG_WARN_STRICT_PROTOTYPES = YES;
				CLANG_WARN_SUSPICIOUS_MOVE = YES;
				CLANG_WARN_UNGUARDED_AVAILABILITY = YES_AGGRESSIVE;
				CLANG_WARN_UNREACHABLE_CODE = YES;
				CLANG_WARN__DUPLICATE_METHOD_MATCH = YES;
				COPY_PHASE_STRIP = NO;
				DEBUG_INFORMATION_FORMAT = dwarf;
				ENABLE_STRICT_OBJC_MSGSEND = YES;
				ENABLE_TESTABILITY = YES;
				GCC_C_LANGUAGE_STANDARD = gnu11;
				GCC_DYNAMIC_NO_PIC = NO;
				GCC_NO_COMMON_BLOCKS = YES;
				GCC_OPTIMIZATION_LEVEL = 0;
				GCC_PREPROCESSOR_DEFINITIONS = (
					"DEBUG=1",
					"$(inherited)",
				);
				GCC_WARN_64_TO_32_BIT_CONVERSION = YES;
				GCC_WARN_ABOUT_RETURN_TYPE = YES_ERROR;
				GCC_WARN_UNDECLARED_SELECTOR = YES;
				GCC_WARN_UNINITIALIZED_AUTOS = YES_AGGRESSIVE;
				GCC_WARN_UNUSED_FUNCTION = YES;
				GCC_WARN_UNUSED_VARIABLE = YES;
				IPHONEOS_DEPLOYMENT_TARGET = 14.4;
				MTL_ENABLE_DEBUG_INFO = INCLUDE_SOURCE;
				MTL_FAST_MATH = YES;
				ONLY_ACTIVE_ARCH = YES;
				SDKROOT = iphoneos;
				SWIFT_ACTIVE_COMPILATION_CONDITIONS = DEBUG;
				SWIFT_OPTIMIZATION_LEVEL = "-Onone";
			};
			name = Debug;
		};
		D9CB0EB426093DDA009203AB /* Release */ = {
			isa = XCBuildConfiguration;
			buildSettings = {
				ALWAYS_SEARCH_USER_PATHS = NO;
				CLANG_ANALYZER_NONNULL = YES;
				CLANG_ANALYZER_NUMBER_OBJECT_CONVERSION = YES_AGGRESSIVE;
				CLANG_CXX_LANGUAGE_STANDARD = "gnu++14";
				CLANG_CXX_LIBRARY = "libc++";
				CLANG_ENABLE_MODULES = YES;
				CLANG_ENABLE_OBJC_ARC = YES;
				CLANG_ENABLE_OBJC_WEAK = YES;
				CLANG_WARN_BLOCK_CAPTURE_AUTORELEASING = YES;
				CLANG_WARN_BOOL_CONVERSION = YES;
				CLANG_WARN_COMMA = YES;
				CLANG_WARN_CONSTANT_CONVERSION = YES;
				CLANG_WARN_DEPRECATED_OBJC_IMPLEMENTATIONS = YES;
				CLANG_WARN_DIRECT_OBJC_ISA_USAGE = YES_ERROR;
				CLANG_WARN_DOCUMENTATION_COMMENTS = YES;
				CLANG_WARN_EMPTY_BODY = YES;
				CLANG_WARN_ENUM_CONVERSION = YES;
				CLANG_WARN_INFINITE_RECURSION = YES;
				CLANG_WARN_INT_CONVERSION = YES;
				CLANG_WARN_NON_LITERAL_NULL_CONVERSION = YES;
				CLANG_WARN_OBJC_IMPLICIT_RETAIN_SELF = YES;
				CLANG_WARN_OBJC_LITERAL_CONVERSION = YES;
				CLANG_WARN_OBJC_ROOT_CLASS = YES_ERROR;
				CLANG_WARN_QUOTED_INCLUDE_IN_FRAMEWORK_HEADER = YES;
				CLANG_WARN_RANGE_LOOP_ANALYSIS = YES;
				CLANG_WARN_STRICT_PROTOTYPES = YES;
				CLANG_WARN_SUSPICIOUS_MOVE = YES;
				CLANG_WARN_UNGUARDED_AVAILABILITY = YES_AGGRESSIVE;
				CLANG_WARN_UNREACHABLE_CODE = YES;
				CLANG_WARN__DUPLICATE_METHOD_MATCH = YES;
				COPY_PHASE_STRIP = NO;
				DEBUG_INFORMATION_FORMAT = "dwarf-with-dsym";
				ENABLE_NS_ASSERTIONS = NO;
				ENABLE_STRICT_OBJC_MSGSEND = YES;
				GCC_C_LANGUAGE_STANDARD = gnu11;
				GCC_NO_COMMON_BLOCKS = YES;
				GCC_WARN_64_TO_32_BIT_CONVERSION = YES;
				GCC_WARN_ABOUT_RETURN_TYPE = YES_ERROR;
				GCC_WARN_UNDECLARED_SELECTOR = YES;
				GCC_WARN_UNINITIALIZED_AUTOS = YES_AGGRESSIVE;
				GCC_WARN_UNUSED_FUNCTION = YES;
				GCC_WARN_UNUSED_VARIABLE = YES;
				IPHONEOS_DEPLOYMENT_TARGET = 14.4;
				MTL_ENABLE_DEBUG_INFO = NO;
				MTL_FAST_MATH = YES;
				SDKROOT = iphoneos;
				SWIFT_COMPILATION_MODE = wholemodule;
				SWIFT_OPTIMIZATION_LEVEL = "-O";
				VALIDATE_PRODUCT = YES;
			};
			name = Release;
		};
		D9CB0EB626093DDA009203AB /* Debug */ = {
			isa = XCBuildConfiguration;
			buildSettings = {
				ASSETCATALOG_COMPILER_APPICON_NAME = AppIcon;
				ASSETCATALOG_COMPILER_GLOBAL_ACCENT_COLOR_NAME = AccentColor;
				CODE_SIGN_STYLE = Automatic;
				INFOPLIST_FILE = Parstagram/Info.plist;
				LD_RUNPATH_SEARCH_PATHS = (
					"$(inherited)",
					"@executable_path/Frameworks",
				);
				PRODUCT_BUNDLE_IDENTIFIER = Codepath.Parstagram;
				PRODUCT_NAME = "$(TARGET_NAME)";
				SWIFT_VERSION = 5.0;
				TARGETED_DEVICE_FAMILY = "1,2";
			};
			name = Debug;
		};
		D9CB0EB726093DDA009203AB /* Release */ = {
			isa = XCBuildConfiguration;
			buildSettings = {
				ASSETCATALOG_COMPILER_APPICON_NAME = AppIcon;
				ASSETCATALOG_COMPILER_GLOBAL_ACCENT_COLOR_NAME = AccentColor;
				CODE_SIGN_STYLE = Automatic;
				INFOPLIST_FILE = Parstagram/Info.plist;
				LD_RUNPATH_SEARCH_PATHS = (
					"$(inherited)",
					"@executable_path/Frameworks",
				);
				PRODUCT_BUNDLE_IDENTIFIER = Codepath.Parstagram;
				PRODUCT_NAME = "$(TARGET_NAME)";
				SWIFT_VERSION = 5.0;
				TARGETED_DEVICE_FAMILY = "1,2";
			};
			name = Release;
		};
		D9CB0EB926093DDA009203AB /* Debug */ = {
			isa = XCBuildConfiguration;
			buildSettings = {
				ALWAYS_EMBED_SWIFT_STANDARD_LIBRARIES = YES;
				BUNDLE_LOADER = "$(TEST_HOST)";
				CODE_SIGN_STYLE = Automatic;
				INFOPLIST_FILE = ParstagramTests/Info.plist;
				IPHONEOS_DEPLOYMENT_TARGET = 14.4;
				LD_RUNPATH_SEARCH_PATHS = (
					"$(inherited)",
					"@executable_path/Frameworks",
					"@loader_path/Frameworks",
				);
				PRODUCT_BUNDLE_IDENTIFIER = Codepath.ParstagramTests;
				PRODUCT_NAME = "$(TARGET_NAME)";
				SWIFT_VERSION = 5.0;
				TARGETED_DEVICE_FAMILY = "1,2";
				TEST_HOST = "$(BUILT_PRODUCTS_DIR)/Parstagram.app/Parstagram";
			};
			name = Debug;
		};
		D9CB0EBA26093DDA009203AB /* Release */ = {
			isa = XCBuildConfiguration;
			buildSettings = {
				ALWAYS_EMBED_SWIFT_STANDARD_LIBRARIES = YES;
				BUNDLE_LOADER = "$(TEST_HOST)";
				CODE_SIGN_STYLE = Automatic;
				INFOPLIST_FILE = ParstagramTests/Info.plist;
				IPHONEOS_DEPLOYMENT_TARGET = 14.4;
				LD_RUNPATH_SEARCH_PATHS = (
					"$(inherited)",
					"@executable_path/Frameworks",
					"@loader_path/Frameworks",
				);
				PRODUCT_BUNDLE_IDENTIFIER = Codepath.ParstagramTests;
				PRODUCT_NAME = "$(TARGET_NAME)";
				SWIFT_VERSION = 5.0;
				TARGETED_DEVICE_FAMILY = "1,2";
				TEST_HOST = "$(BUILT_PRODUCTS_DIR)/Parstagram.app/Parstagram";
			};
			name = Release;
		};
		D9CB0EBC26093DDA009203AB /* Debug */ = {
			isa = XCBuildConfiguration;
			buildSettings = {
				ALWAYS_EMBED_SWIFT_STANDARD_LIBRARIES = YES;
				CODE_SIGN_STYLE = Automatic;
				INFOPLIST_FILE = ParstagramUITests/Info.plist;
				LD_RUNPATH_SEARCH_PATHS = (
					"$(inherited)",
					"@executable_path/Frameworks",
					"@loader_path/Frameworks",
				);
				PRODUCT_BUNDLE_IDENTIFIER = Codepath.ParstagramUITests;
				PRODUCT_NAME = "$(TARGET_NAME)";
				SWIFT_VERSION = 5.0;
				TARGETED_DEVICE_FAMILY = "1,2";
				TEST_TARGET_NAME = Parstagram;
			};
			name = Debug;
		};
		D9CB0EBD26093DDA009203AB /* Release */ = {
			isa = XCBuildConfiguration;
			buildSettings = {
				ALWAYS_EMBED_SWIFT_STANDARD_LIBRARIES = YES;
				CODE_SIGN_STYLE = Automatic;
				INFOPLIST_FILE = ParstagramUITests/Info.plist;
				LD_RUNPATH_SEARCH_PATHS = (
					"$(inherited)",
					"@executable_path/Frameworks",
					"@loader_path/Frameworks",
				);
				PRODUCT_BUNDLE_IDENTIFIER = Codepath.ParstagramUITests;
				PRODUCT_NAME = "$(TARGET_NAME)";
				SWIFT_VERSION = 5.0;
				TARGETED_DEVICE_FAMILY = "1,2";
				TEST_TARGET_NAME = Parstagram;
			};
			name = Release;
		};
/* End XCBuildConfiguration section */

/* Begin XCConfigurationList section */
		D9CB0E8626093DD8009203AB /* Build configuration list for PBXProject "Parstagram" */ = {
			isa = XCConfigurationList;
			buildConfigurations = (
				D9CB0EB326093DDA009203AB /* Debug */,
				D9CB0EB426093DDA009203AB /* Release */,
			);
			defaultConfigurationIsVisible = 0;
			defaultConfigurationName = Release;
		};
		D9CB0EB526093DDA009203AB /* Build configuration list for PBXNativeTarget "Parstagram" */ = {
			isa = XCConfigurationList;
			buildConfigurations = (
				D9CB0EB626093DDA009203AB /* Debug */,
				D9CB0EB726093DDA009203AB /* Release */,
			);
			defaultConfigurationIsVisible = 0;
			defaultConfigurationName = Release;
		};
		D9CB0EB826093DDA009203AB /* Build configuration list for PBXNativeTarget "ParstagramTests" */ = {
			isa = XCConfigurationList;
			buildConfigurations = (
				D9CB0EB926093DDA009203AB /* Debug */,
				D9CB0EBA26093DDA009203AB /* Release */,
			);
			defaultConfigurationIsVisible = 0;
			defaultConfigurationName = Release;
		};
		D9CB0EBB26093DDA009203AB /* Build configuration list for PBXNativeTarget "ParstagramUITests" */ = {
			isa = XCConfigurationList;
			buildConfigurations = (
				D9CB0EBC26093DDA009203AB /* Debug */,
				D9CB0EBD26093DDA009203AB /* Release */,
			);
			defaultConfigurationIsVisible = 0;
			defaultConfigurationName = Release;
		};
/* End XCConfigurationList section */
	};
	rootObject = D9CB0E8326093DD8009203AB /* Project object */;
}
