// !$*UTF8*$!
{
	archiveVersion = 1;
	classes = {
	};
	objectVersion = 51;
	objects = {

/* Begin PBXBuildFile section */
		141C7D5BACF26D8F1119BF4C /* Pods_Parstagram_ParstagramUITests.framework in Frameworks */ = {isa = PBXBuildFile; fileRef = 5E910C02B050C39BA52AEAC0 /* Pods_Parstagram_ParstagramUITests.framework */; };
		30B10917D97E06797D5B57A6 /* Pods_ParstagramTests.framework in Frameworks */ = {isa = PBXBuildFile; fileRef = A63EB11E40044526A2BF41C5 /* Pods_ParstagramTests.framework */; };
		47F9B396C21959B046681050 /* Pods_Parstagram.framework in Frameworks */ = {isa = PBXBuildFile; fileRef = 74CAEFC77F00490FD0AEF90F /* Pods_Parstagram.framework */; };
		D9CB0E8F26093DD8009203AB /* AppDelegate.swift in Sources */ = {isa = PBXBuildFile; fileRef = D9CB0E8E26093DD8009203AB /* AppDelegate.swift */; };
		D9CB0E9126093DD8009203AB /* SceneDelegate.swift in Sources */ = {isa = PBXBuildFile; fileRef = D9CB0E9026093DD8009203AB /* SceneDelegate.swift */; };
		D9CB0E9326093DD8009203AB /* ViewController.swift in Sources */ = {isa = PBXBuildFile; fileRef = D9CB0E9226093DD8009203AB /* ViewController.swift */; };
		D9CB0E9626093DD8009203AB /* Main.storyboard in Resources */ = {isa = PBXBuildFile; fileRef = D9CB0E9426093DD8009203AB /* Main.storyboard */; };
		D9CB0E9826093DD9009203AB /* Assets.xcassets in Resources */ = {isa = PBXBuildFile; fileRef = D9CB0E9726093DD9009203AB /* Assets.xcassets */; };
		D9CB0E9B26093DD9009203AB /* LaunchScreen.storyboard in Resources */ = {isa = PBXBuildFile; fileRef = D9CB0E9926093DD9009203AB /* LaunchScreen.storyboard */; };
		D9CB0EA626093DDA009203AB /* ParstagramTests.swift in Sources */ = {isa = PBXBuildFile; fileRef = D9CB0EA526093DDA009203AB /* ParstagramTests.swift */; };
		D9CB0EB126093DDA009203AB /* ParstagramUITests.swift in Sources */ = {isa = PBXBuildFile; fileRef = D9CB0EB026093DDA009203AB /* ParstagramUITests.swift */; };
		D9CB0EC226093F72009203AB /* LoginViewController.swift in Sources */ = {isa = PBXBuildFile; fileRef = D9CB0EC126093F72009203AB /* LoginViewController.swift */; };
		D9CB0EC726093FAF009203AB /* FeedViewController.swift in Sources */ = {isa = PBXBuildFile; fileRef = D9CB0EC626093FAF009203AB /* FeedViewController.swift */; };
		D9CB0EF926096C33009203AB /* CameraViewController.swift in Sources */ = {isa = PBXBuildFile; fileRef = D9CB0EF826096C33009203AB /* CameraViewController.swift */; };
		D9CB0EFE260977BF009203AB /* PostCell.swift in Sources */ = {isa = PBXBuildFile; fileRef = D9CB0EFD260977BF009203AB /* PostCell.swift */; };
		D9E4D498260FEE330070BB1E /* CommentCell.swift in Sources */ = {isa = PBXBuildFile; fileRef = D9E4D497260FEE330070BB1E /* CommentCell.swift */; };
/* End PBXBuildFile section */

/* Begin PBXContainerItemProxy section */
		D9CB0EA226093DDA009203AB /* PBXContainerItemProxy */ = {
			isa = PBXContainerItemProxy;
			containerPortal = D9CB0E8326093DD8009203AB /* Project object */;
			proxyType = 1;
			remoteGlobalIDString = D9CB0E8A26093DD8009203AB;
			remoteInfo = Parstagram;
		};
		D9CB0EAD26093DDA009203AB /* PBXContainerItemProxy */ = {
			isa = PBXContainerItemProxy;
			containerPortal = D9CB0E8326093DD8009203AB /* Project object */;
			proxyType = 1;
			remoteGlobalIDString = D9CB0E8A26093DD8009203AB;
			remoteInfo = Parstagram;
		};
/* End PBXContainerItemProxy section */

/* Begin PBXFileReference section */
		450312F075CE4747B5BCDA35 /* Pods-ParstagramTests.debug.xcconfig */ = {isa = PBXFileReference; includeInIndex = 1; lastKnownFileType = text.xcconfig; name = "Pods-ParstagramTests.debug.xcconfig"; path = "Target Support Files/Pods-ParstagramTests/Pods-ParstagramTests.debug.xcconfig"; sourceTree = "<group>"; };
		543AD1539B9E71BBC4C485BC /* Pods-Parstagram.debug.xcconfig */ = {isa = PBXFileReference; includeInIndex = 1; lastKnownFileType = text.xcconfig; name = "Pods-Parstagram.debug.xcconfig"; path = "Target Support Files/Pods-Parstagram/Pods-Parstagram.debug.xcconfig"; sourceTree = "<group>"; };
		5E910C02B050C39BA52AEAC0 /* Pods_Parstagram_ParstagramUITests.framework */ = {isa = PBXFileReference; explicitFileType = wrapper.framework; includeInIndex = 0; path = Pods_Parstagram_ParstagramUITests.framework; sourceTree = BUILT_PRODUCTS_DIR; };
		74CAEFC77F00490FD0AEF90F /* Pods_Parstagram.framework */ = {isa = PBXFileReference; explicitFileType = wrapper.framework; includeInIndex = 0; path = Pods_Parstagram.framework; sourceTree = BUILT_PRODUCTS_DIR; };
		825889411913262D1F4437B4 /* Pods-ParstagramTests.release.xcconfig */ = {isa = PBXFileReference; includeInIndex = 1; lastKnownFileType = text.xcconfig; name = "Pods-ParstagramTests.release.xcconfig"; path = "Target Support Files/Pods-ParstagramTests/Pods-ParstagramTests.release.xcconfig"; sourceTree = "<group>"; };
		941FC798E6FC167A08E62FE0 /* Pods-Parstagram-ParstagramUITests.release.xcconfig */ = {isa = PBXFileReference; includeInIndex = 1; lastKnownFileType = text.xcconfig; name = "Pods-Parstagram-ParstagramUITests.release.xcconfig"; path = "Target Support Files/Pods-Parstagram-ParstagramUITests/Pods-Parstagram-ParstagramUITests.release.xcconfig"; sourceTree = "<group>"; };
		A63EB11E40044526A2BF41C5 /* Pods_ParstagramTests.framework */ = {isa = PBXFileReference; explicitFileType = wrapper.framework; includeInIndex = 0; path = Pods_ParstagramTests.framework; sourceTree = BUILT_PRODUCTS_DIR; };
		A7C426DBC796B52B229D48A4 /* Pods-Parstagram-ParstagramUITests.debug.xcconfig */ = {isa = PBXFileReference; includeInIndex = 1; lastKnownFileType = text.xcconfig; name = "Pods-Parstagram-ParstagramUITests.debug.xcconfig"; path = "Target Support Files/Pods-Parstagram-ParstagramUITests/Pods-Parstagram-ParstagramUITests.debug.xcconfig"; sourceTree = "<group>"; };
		D9CB0E8B26093DD8009203AB /* Parstagram.app */ = {isa = PBXFileReference; explicitFileType = wrapper.application; includeInIndex = 0; path = Parstagram.app; sourceTree = BUILT_PRODUCTS_DIR; };
		D9CB0E8E26093DD8009203AB /* AppDelegate.swift */ = {isa = PBXFileReference; lastKnownFileType = sourcecode.swift; path = AppDelegate.swift; sourceTree = "<group>"; };
		D9CB0E9026093DD8009203AB /* SceneDelegate.swift */ = {isa = PBXFileReference; lastKnownFileType = sourcecode.swift; path = SceneDelegate.swift; sourceTree = "<group>"; };
		D9CB0E9226093DD8009203AB /* ViewController.swift */ = {isa = PBXFileReference; lastKnownFileType = sourcecode.swift; path = ViewController.swift; sourceTree = "<group>"; };
		D9CB0E9526093DD8009203AB /* Base */ = {isa = PBXFileReference; lastKnownFileType = file.storyboard; name = Base; path = Base.lproj/Main.storyboard; sourceTree = "<group>"; };
		D9CB0E9726093DD9009203AB /* Assets.xcassets */ = {isa = PBXFileReference; lastKnownFileType = folder.assetcatalog; path = Assets.xcassets; sourceTree = "<group>"; };
		D9CB0E9A26093DD9009203AB /* Base */ = {isa = PBXFileReference; lastKnownFileType = file.storyboard; name = Base; path = Base.lproj/LaunchScreen.storyboard; sourceTree = "<group>"; };
		D9CB0E9C26093DD9009203AB /* Info.plist */ = {isa = PBXFileReference; lastKnownFileType = text.plist.xml; path = Info.plist; sourceTree = "<group>"; };
		D9CB0EA126093DDA009203AB /* ParstagramTests.xctest */ = {isa = PBXFileReference; explicitFileType = wrapper.cfbundle; includeInIndex = 0; path = ParstagramTests.xctest; sourceTree = BUILT_PRODUCTS_DIR; };
		D9CB0EA526093DDA009203AB /* ParstagramTests.swift */ = {isa = PBXFileReference; lastKnownFileType = sourcecode.swift; path = ParstagramTests.swift; sourceTree = "<group>"; };
		D9CB0EA726093DDA009203AB /* Info.plist */ = {isa = PBXFileReference; lastKnownFileType = text.plist.xml; path = Info.plist; sourceTree = "<group>"; };
		D9CB0EAC26093DDA009203AB /* ParstagramUITests.xctest */ = {isa = PBXFileReference; explicitFileType = wrapper.cfbundle; includeInIndex = 0; path = ParstagramUITests.xctest; sourceTree = BUILT_PRODUCTS_DIR; };
		D9CB0EB026093DDA009203AB /* ParstagramUITests.swift */ = {isa = PBXFileReference; lastKnownFileType = sourcecode.swift; path = ParstagramUITests.swift; sourceTree = "<group>"; };
		D9CB0EB226093DDA009203AB /* Info.plist */ = {isa = PBXFileReference; lastKnownFileType = text.plist.xml; path = Info.plist; sourceTree = "<group>"; };
		D9CB0EC126093F72009203AB /* LoginViewController.swift */ = {isa = PBXFileReference; lastKnownFileType = sourcecode.swift; path = LoginViewController.swift; sourceTree = "<group>"; };
		D9CB0EC626093FAF009203AB /* FeedViewController.swift */ = {isa = PBXFileReference; lastKnownFileType = sourcecode.swift; path = FeedViewController.swift; sourceTree = "<group>"; };
		D9CB0EF826096C33009203AB /* CameraViewController.swift */ = {isa = PBXFileReference; lastKnownFileType = sourcecode.swift; path = CameraViewController.swift; sourceTree = "<group>"; };
		D9CB0EFD260977BF009203AB /* PostCell.swift */ = {isa = PBXFileReference; lastKnownFileType = sourcecode.swift; path = PostCell.swift; sourceTree = "<group>"; };
		D9E4D497260FEE330070BB1E /* CommentCell.swift */ = {isa = PBXFileReference; lastKnownFileType = sourcecode.swift; path = CommentCell.swift; sourceTree = "<group>"; };
		FF27CC7B3E26276BD864C112 /* Pods-Parstagram.release.xcconfig */ = {isa = PBXFileReference; includeInIndex = 1; lastKnownFileType = text.xcconfig; name = "Pods-Parstagram.release.xcconfig"; path = "Target Support Files/Pods-Parstagram/Pods-Parstagram.release.xcconfig"; sourceTree = "<group>"; };
/* End PBXFileReference section */

/* Begin PBXFrameworksBuildPhase section */
		D9CB0E8826093DD8009203AB /* Frameworks */ = {
			isa = PBXFrameworksBuildPhase;
			buildActionMask = 2147483647;
			files = (
				47F9B396C21959B046681050 /* Pods_Parstagram.framework in Frameworks */,
			);
			runOnlyForDeploymentPostprocessing = 0;
		};
		D9CB0E9E26093DDA009203AB /* Frameworks */ = {
			isa = PBXFrameworksBuildPhase;
			buildActionMask = 2147483647;
			files = (
				30B10917D97E06797D5B57A6 /* Pods_ParstagramTests.framework in Frameworks */,
			);
			runOnlyForDeploymentPostprocessing = 0;
		};
		D9CB0EA926093DDA009203AB /* Frameworks */ = {
			isa = PBXFrameworksBuildPhase;
			buildActionMask = 2147483647;
			files = (
				141C7D5BACF26D8F1119BF4C /* Pods_Parstagram_ParstagramUITests.framework in Frameworks */,
			);
			runOnlyForDeploymentPostprocessing = 0;
		};
/* End PBXFrameworksBuildPhase section */

/* Begin PBXGroup section */
		1B9B40635F917BFDCFE93CE1 /* Pods */ = {
			isa = PBXGroup;
			children = (
				543AD1539B9E71BBC4C485BC /* Pods-Parstagram.debug.xcconfig */,
				FF27CC7B3E26276BD864C112 /* Pods-Parstagram.release.xcconfig */,
				A7C426DBC796B52B229D48A4 /* Pods-Parstagram-ParstagramUITests.debug.xcconfig */,
				941FC798E6FC167A08E62FE0 /* Pods-Parstagram-ParstagramUITests.release.xcconfig */,
				450312F075CE4747B5BCDA35 /* Pods-ParstagramTests.debug.xcconfig */,
				825889411913262D1F4437B4 /* Pods-ParstagramTests.release.xcconfig */,
			);
			path = Pods;
			sourceTree = "<group>";
		};
		288E7FBD9765A84A7C7E39CE /* Frameworks */ = {
			isa = PBXGroup;
			children = (
				74CAEFC77F00490FD0AEF90F /* Pods_Parstagram.framework */,
				5E910C02B050C39BA52AEAC0 /* Pods_Parstagram_ParstagramUITests.framework */,
				A63EB11E40044526A2BF41C5 /* Pods_ParstagramTests.framework */,
			);
			name = Frameworks;
			sourceTree = "<group>";
		};
		D9CB0E8226093DD8009203AB = {
			isa = PBXGroup;
			children = (
				D9CB0E8D26093DD8009203AB /* Parstagram */,
				D9CB0EA426093DDA009203AB /* ParstagramTests */,
				D9CB0EAF26093DDA009203AB /* ParstagramUITests */,
				D9CB0E8C26093DD8009203AB /* Products */,
				1B9B40635F917BFDCFE93CE1 /* Pods */,
				288E7FBD9765A84A7C7E39CE /* Frameworks */,
			);
			sourceTree = "<group>";
		};
		D9CB0E8C26093DD8009203AB /* Products */ = {
			isa = PBXGroup;
			children = (
				D9CB0E8B26093DD8009203AB /* Parstagram.app */,
				D9CB0EA126093DDA009203AB /* ParstagramTests.xctest */,
				D9CB0EAC26093DDA009203AB /* ParstagramUITests.xctest */,
			);
			name = Products;
			sourceTree = "<group>";
		};
		D9CB0E8D26093DD8009203AB /* Parstagram */ = {
			isa = PBXGroup;
			children = (
				D9CB0E8E26093DD8009203AB /* AppDelegate.swift */,
				D9CB0E9026093DD8009203AB /* SceneDelegate.swift */,
				D9CB0E9226093DD8009203AB /* ViewController.swift */,
				D9CB0E9426093DD8009203AB /* Main.storyboard */,
				D9CB0E9726093DD9009203AB /* Assets.xcassets */,
				D9CB0E9926093DD9009203AB /* LaunchScreen.storyboard */,
				D9CB0E9C26093DD9009203AB /* Info.plist */,
				D9CB0EC126093F72009203AB /* LoginViewController.swift */,
				D9CB0EC626093FAF009203AB /* FeedViewController.swift */,
				D9CB0EF826096C33009203AB /* CameraViewController.swift */,
				D9CB0EFD260977BF009203AB /* PostCell.swift */,
				D9E4D497260FEE330070BB1E /* CommentCell.swift */,
			);
			path = Parstagram;
			sourceTree = "<group>";
		};
		D9CB0EA426093DDA009203AB /* ParstagramTests */ = {
			isa = PBXGroup;
			children = (
				D9CB0EA526093DDA009203AB /* ParstagramTests.swift */,
				D9CB0EA726093DDA009203AB /* Info.plist */,
			);
			path = ParstagramTests;
			sourceTree = "<group>";
		};
		D9CB0EAF26093DDA009203AB /* ParstagramUITests */ = {
			isa = PBXGroup;
			children = (
				D9CB0EB026093DDA009203AB /* ParstagramUITests.swift */,
				D9CB0EB226093DDA009203AB /* Info.plist */,
			);
			path = ParstagramUITests;
			sourceTree = "<group>";
		};
/* End PBXGroup section */

/* Begin PBXNativeTarget section */
		D9CB0E8A26093DD8009203AB /* Parstagram */ = {
			isa = PBXNativeTarget;
			buildConfigurationList = D9CB0EB526093DDA009203AB /* Build configuration list for PBXNativeTarget "Parstagram" */;
			buildPhases = (
				BE13ECA39EA52B71880EF916 /* [CP] Check Pods Manifest.lock */,
				D9CB0E8726093DD8009203AB /* Sources */,
				D9CB0E8826093DD8009203AB /* Frameworks */,
				D9CB0E8926093DD8009203AB /* Resources */,
				0268CB60B1493A591B2A1B46 /* [CP] Embed Pods Frameworks */,
			);
			buildRules = (
			);
			dependencies = (
			);
			name = Parstagram;
			productName = Parstagram;
			productReference = D9CB0E8B26093DD8009203AB /* Parstagram.app */;
			productType = "com.apple.product-type.application";
		};
		D9CB0EA026093DDA009203AB /* ParstagramTests */ = {
			isa = PBXNativeTarget;
			buildConfigurationList = D9CB0EB826093DDA009203AB /* Build configuration list for PBXNativeTarget "ParstagramTests" */;
			buildPhases = (
				E63F5DF75A06F3581640B104 /* [CP] Check Pods Manifest.lock */,
				D9CB0E9D26093DDA009203AB /* Sources */,
				D9CB0E9E26093DDA009203AB /* Frameworks */,
				D9CB0E9F26093DDA009203AB /* Resources */,
				8D6CFFCDA2FE1EF51D087C24 /* [CP] Embed Pods Frameworks */,
			);
			buildRules = (
			);
			dependencies = (
				D9CB0EA326093DDA009203AB /* PBXTargetDependency */,
			);
			name = ParstagramTests;
			productName = ParstagramTests;
			productReference = D9CB0EA126093DDA009203AB /* ParstagramTests.xctest */;
			productType = "com.apple.product-type.bundle.unit-test";
		};
		D9CB0EAB26093DDA009203AB /* ParstagramUITests */ = {
			isa = PBXNativeTarget;
			buildConfigurationList = D9CB0EBB26093DDA009203AB /* Build configuration list for PBXNativeTarget "ParstagramUITests" */;
			buildPhases = (
				5928FE178E3090528A3BF512 /* [CP] Check Pods Manifest.lock */,
				D9CB0EA826093DDA009203AB /* Sources */,
				D9CB0EA926093DDA009203AB /* Frameworks */,
				D9CB0EAA26093DDA009203AB /* Resources */,
				EA002F572D0C307A6FFEB7E0 /* [CP] Embed Pods Frameworks */,
			);
			buildRules = (
			);
			dependencies = (
				D9CB0EAE26093DDA009203AB /* PBXTargetDependency */,
			);
			name = ParstagramUITests;
			productName = ParstagramUITests;
			productReference = D9CB0EAC26093DDA009203AB /* ParstagramUITests.xctest */;
			productType = "com.apple.product-type.bundle.ui-testing";
		};
/* End PBXNativeTarget section */

/* Begin PBXProject section */
		D9CB0E8326093DD8009203AB /* Project object */ = {
			isa = PBXProject;
			attributes = {
				LastSwiftUpdateCheck = 1240;
				LastUpgradeCheck = 1240;
				TargetAttributes = {
					D9CB0E8A26093DD8009203AB = {
						CreatedOnToolsVersion = 12.4;
					};
					D9CB0EA026093DDA009203AB = {
						CreatedOnToolsVersion = 12.4;
						TestTargetID = D9CB0E8A26093DD8009203AB;
					};
					D9CB0EAB26093DDA009203AB = {
						CreatedOnToolsVersion = 12.4;
						TestTargetID = D9CB0E8A26093DD8009203AB;
					};
				};
			};
			buildConfigurationList = D9CB0E8626093DD8009203AB /* Build configuration list for PBXProject "Parstagram" */;
			compatibilityVersion = "Xcode 9.3";
			developmentRegion = en;
			hasScannedForEncodings = 0;
			knownRegions = (
				en,
				Base,
			);
			mainGroup = D9CB0E8226093DD8009203AB;
			productRefGroup = D9CB0E8C26093DD8009203AB /* Products */;
			projectDirPath = "";
			projectRoot = "";
			targets = (
				D9CB0E8A26093DD8009203AB /* Parstagram */,
				D9CB0EA026093DDA009203AB /* ParstagramTests */,
				D9CB0EAB26093DDA009203AB /* ParstagramUITests */,
			);
		};
/* End PBXProject section */

/* Begin PBXResourcesBuildPhase section */
		D9CB0E8926093DD8009203AB /* Resources */ = {
			isa = PBXResourcesBuildPhase;
			buildActionMask = 2147483647;
			files = (
				D9CB0E9B26093DD9009203AB /* LaunchScreen.storyboard in Resources */,
				D9CB0E9826093DD9009203AB /* Assets.xcassets in Resources */,
				D9CB0E9626093DD8009203AB /* Main.storyboard in Resources */,
			);
			runOnlyForDeploymentPostprocessing = 0;
		};
		D9CB0E9F26093DDA009203AB /* Resources */ = {
			isa = PBXResourcesBuildPhase;
			buildActionMask = 2147483647;
			files = (
			);
			runOnlyForDeploymentPostprocessing = 0;
		};
		D9CB0EAA26093DDA009203AB /* Resources */ = {
			isa = PBXResourcesBuildPhase;
			buildActionMask = 2147483647;
			files = (
			);
			runOnlyForDeploymentPostprocessing = 0;
		};
/* End PBXResourcesBuildPhase section */

/* Begin PBXShellScriptBuildPhase section */
		0268CB60B1493A591B2A1B46 /* [CP] Embed Pods Frameworks */ = {
			isa = PBXShellScriptBuildPhase;
			buildActionMask = 2147483647;
			files = (
			);
			inputFileListPaths = (
				"${PODS_ROOT}/Target Support Files/Pods-Parstagram/Pods-Parstagram-frameworks-${CONFIGURATION}-input-files.xcfilelist",
			);
			name = "[CP] Embed Pods Frameworks";
			outputFileListPaths = (
				"${PODS_ROOT}/Target Support Files/Pods-Parstagram/Pods-Parstagram-frameworks-${CONFIGURATION}-output-files.xcfilelist",
			);
			runOnlyForDeploymentPostprocessing = 0;
			shellPath = /bin/sh;
			shellScript = "\"${PODS_ROOT}/Target Support Files/Pods-Parstagram/Pods-Parstagram-frameworks.sh\"\n";
			showEnvVarsInLog = 0;
		};
		5928FE178E3090528A3BF512 /* [CP] Check Pods Manifest.lock */ = {
			isa = PBXShellScriptBuildPhase;
			buildActionMask = 2147483647;
			files = (
			);
			inputFileListPaths = (
			);
			inputPaths = (
				"${PODS_PODFILE_DIR_PATH}/Podfile.lock",
				"${PODS_ROOT}/Manifest.lock",
			);
			name = "[CP] Check Pods Manifest.lock";
			outputFileListPaths = (
			);
			outputPaths = (
				"$(DERIVED_FILE_DIR)/Pods-Parstagram-ParstagramUITests-checkManifestLockResult.txt",
			);
			runOnlyForDeploymentPostprocessing = 0;
			shellPath = /bin/sh;
			shellScript = "diff \"${PODS_PODFILE_DIR_PATH}/Podfile.lock\" \"${PODS_ROOT}/Manifest.lock\" > /dev/null\nif [ $? != 0 ] ; then\n    # print error to STDERR\n    echo \"error: The sandbox is not in sync with the Podfile.lock. Run 'pod install' or update your CocoaPods installation.\" >&2\n    exit 1\nfi\n# This output is used by Xcode 'outputs' to avoid re-running this script phase.\necho \"SUCCESS\" > \"${SCRIPT_OUTPUT_FILE_0}\"\n";
			showEnvVarsInLog = 0;
		};
		8D6CFFCDA2FE1EF51D087C24 /* [CP] Embed Pods Frameworks */ = {
			isa = PBXShellScriptBuildPhase;
			buildActionMask = 2147483647;
			files = (
			);
			inputFileListPaths = (
				"${PODS_ROOT}/Target Support Files/Pods-ParstagramTests/Pods-ParstagramTests-frameworks-${CONFIGURATION}-input-files.xcfilelist",
			);
			name = "[CP] Embed Pods Frameworks";
			outputFileListPaths = (
				"${PODS_ROOT}/Target Support Files/Pods-ParstagramTests/Pods-ParstagramTests-frameworks-${CONFIGURATION}-output-files.xcfilelist",
			);
			runOnlyForDeploymentPostprocessing = 0;
			shellPath = /bin/sh;
			shellScript = "\"${PODS_ROOT}/Target Support Files/Pods-ParstagramTests/Pods-ParstagramTests-frameworks.sh\"\n";
			showEnvVarsInLog = 0;
		};
		BE13ECA39EA52B71880EF916 /* [CP] Check Pods Manifest.lock */ = {
			isa = PBXShellScriptBuildPhase;
			buildActionMask = 2147483647;
			files = (
			);
			inputFileListPaths = (
			);
			inputPaths = (
				"${PODS_PODFILE_DIR_PATH}/Podfile.lock",
				"${PODS_ROOT}/Manifest.lock",
			);
			name = "[CP] Check Pods Manifest.lock";
			outputFileListPaths = (
			);
			outputPaths = (
				"$(DERIVED_FILE_DIR)/Pods-Parstagram-checkManifestLockResult.txt",
			);
			runOnlyForDeploymentPostprocessing = 0;
			shellPath = /bin/sh;
			shellScript = "diff \"${PODS_PODFILE_DIR_PATH}/Podfile.lock\" \"${PODS_ROOT}/Manifest.lock\" > /dev/null\nif [ $? != 0 ] ; then\n    # print error to STDERR\n    echo \"error: The sandbox is not in sync with the Podfile.lock. Run 'pod install' or update your CocoaPods installation.\" >&2\n    exit 1\nfi\n# This output is used by Xcode 'outputs' to avoid re-running this script phase.\necho \"SUCCESS\" > \"${SCRIPT_OUTPUT_FILE_0}\"\n";
			showEnvVarsInLog = 0;
		};
		E63F5DF75A06F3581640B104 /* [CP] Check Pods Manifest.lock */ = {
			isa = PBXShellScriptBuildPhase;
			buildActionMask = 2147483647;
			files = (
			);
			inputFileListPaths = (
			);
			inputPaths = (
				"${PODS_PODFILE_DIR_PATH}/Podfile.lock",
				"${PODS_ROOT}/Manifest.lock",
			);
			name = "[CP] Check Pods Manifest.lock";
			outputFileListPaths = (
			);
			outputPaths = (
				"$(DERIVED_FILE_DIR)/Pods-ParstagramTests-checkManifestLockResult.txt",
			);
			runOnlyForDeploymentPostprocessing = 0;
			shellPath = /bin/sh;
			shellScript = "diff \"${PODS_PODFILE_DIR_PATH}/Podfile.lock\" \"${PODS_ROOT}/Manifest.lock\" > /dev/null\nif [ $? != 0 ] ; then\n    # print error to STDERR\n    echo \"error: The sandbox is not in sync with the Podfile.lock. Run 'pod install' or update your CocoaPods installation.\" >&2\n    exit 1\nfi\n# This output is used by Xcode 'outputs' to avoid re-running this script phase.\necho \"SUCCESS\" > \"${SCRIPT_OUTPUT_FILE_0}\"\n";
			showEnvVarsInLog = 0;
		};
		EA002F572D0C307A6FFEB7E0 /* [CP] Embed Pods Frameworks */ = {
			isa = PBXShellScriptBuildPhase;
			buildActionMask = 2147483647;
			files = (
			);
			inputFileListPaths = (
				"${PODS_ROOT}/Target Support Files/Pods-Parstagram-ParstagramUITests/Pods-Parstagram-ParstagramUITests-frameworks-${CONFIGURATION}-input-files.xcfilelist",
			);
			name = "[CP] Embed Pods Frameworks";
			outputFileListPaths = (
				"${PODS_ROOT}/Target Support Files/Pods-Parstagram-ParstagramUITests/Pods-Parstagram-ParstagramUITests-frameworks-${CONFIGURATION}-output-files.xcfilelist",
			);
			runOnlyForDeploymentPostprocessing = 0;
			shellPath = /bin/sh;
			shellScript = "\"${PODS_ROOT}/Target Support Files/Pods-Parstagram-ParstagramUITests/Pods-Parstagram-ParstagramUITests-frameworks.sh\"\n";
			showEnvVarsInLog = 0;
		};
/* End PBXShellScriptBuildPhase section */

/* Begin PBXSourcesBuildPhase section */
		D9CB0E8726093DD8009203AB /* Sources */ = {
			isa = PBXSourcesBuildPhase;
			buildActionMask = 2147483647;
			files = (
				D9CB0EFE260977BF009203AB /* PostCell.swift in Sources */,
				D9CB0EC226093F72009203AB /* LoginViewController.swift in Sources */,
				D9CB0E9326093DD8009203AB /* ViewController.swift in Sources */,
				D9CB0EC726093FAF009203AB /* FeedViewController.swift in Sources */,
				D9CB0E8F26093DD8009203AB /* AppDelegate.swift in Sources */,
				D9CB0E9126093DD8009203AB /* SceneDelegate.swift in Sources */,
				D9CB0EF926096C33009203AB /* CameraViewController.swift in Sources */,
				D9E4D498260FEE330070BB1E /* CommentCell.swift in Sources */,
			);
			runOnlyForDeploymentPostprocessing = 0;
		};
		D9CB0E9D26093DDA009203AB /* Sources */ = {
			isa = PBXSourcesBuildPhase;
			buildActionMask = 2147483647;
			files = (
				D9CB0EA626093DDA009203AB /* ParstagramTests.swift in Sources */,
			);
			runOnlyForDeploymentPostprocessing = 0;
		};
		D9CB0EA826093DDA009203AB /* Sources */ = {
			isa = PBXSourcesBuildPhase;
			buildActionMask = 2147483647;
			files = (
				D9CB0EB126093DDA009203AB /* ParstagramUITests.swift in Sources */,
			);
			runOnlyForDeploymentPostprocessing = 0;
		};
/* End PBXSourcesBuildPhase section */

/* Begin PBXTargetDependency section */
		D9CB0EA326093DDA009203AB /* PBXTargetDependency */ = {
			isa = PBXTargetDependency;
			target = D9CB0E8A26093DD8009203AB /* Parstagram */;
			targetProxy = D9CB0EA226093DDA009203AB /* PBXContainerItemProxy */;
		};
		D9CB0EAE26093DDA009203AB /* PBXTargetDependency */ = {
			isa = PBXTargetDependency;
			target = D9CB0E8A26093DD8009203AB /* Parstagram */;
			targetProxy = D9CB0EAD26093DDA009203AB /* PBXContainerItemProxy */;
		};
/* End PBXTargetDependency section */

/* Begin PBXVariantGroup section */
		D9CB0E9426093DD8009203AB /* Main.storyboard */ = {
			isa = PBXVariantGroup;
			children = (
				D9CB0E9526093DD8009203AB /* Base */,
			);
			name = Main.storyboard;
			sourceTree = "<group>";
		};
		D9CB0E9926093DD9009203AB /* LaunchScreen.storyboard */ = {
			isa = PBXVariantGroup;
			children = (
				D9CB0E9A26093DD9009203AB /* Base */,
			);
			name = LaunchScreen.storyboard;
			sourceTree = "<group>";
		};
/* End PBXVariantGroup section */

/* Begin XCBuildConfiguration section */
		D9CB0EB326093DDA009203AB /* Debug */ = {
			isa = XCBuildConfiguration;
			buildSettings = {
				ALWAYS_SEARCH_USER_PATHS = NO;
				CLANG_ANALYZER_NONNULL = YES;
				CLANG_ANALYZER_NUMBER_OBJECT_CONVERSION = YES_AGGRESSIVE;
				CLANG_CXX_LANGUAGE_STANDARD = "gnu++14";
				CLANG_CXX_LIBRARY = "libc++";
				CLANG_ENABLE_MODULES = YES;
				CLANG_ENABLE_OBJC_ARC = YES;
				CLANG_ENABLE_OBJC_WEAK = YES;
				CLANG_WARN_BLOCK_CAPTURE_AUTORELEASING = YES;
				CLANG_WARN_BOOL_CONVERSION = YES;
				CLANG_WARN_COMMA = YES;
				CLANG_WARN_CONSTANT_CONVERSION = YES;
				CLANG_WARN_DEPRECATED_OBJC_IMPLEMENTATIONS = YES;
				CLANG_WARN_DIRECT_OBJC_ISA_USAGE = YES_ERROR;
				CLANG_WARN_DOCUMENTATION_COMMENTS = YES;
				CLANG_WARN_EMPTY_BODY = YES;
				CLANG_WARN_ENUM_CONVERSION = YES;
				CLANG_WARN_INFINITE_RECURSION = YES;
				CLANG_WARN_INT_CONVERSION = YES;
				CLANG_WARN_NON_LITERAL_NULL_CONVERSION = YES;
				CLANG_WARN_OBJC_IMPLICIT_RETAIN_SELF = YES;
				CLANG_WARN_OBJC_LITERAL_CONVERSION = YES;
				CLANG_WARN_OBJC_ROOT_CLASS = YES_ERROR;
				CLANG_WARN_QUOTED_INCLUDE_IN_FRAMEWORK_HEADER = YES;
				CLANG_WARN_RANGE_LOOP_ANALYSIS = YES;
				CLANG_WARN_STRICT_PROTOTYPES = YES;
				CLANG_WARN_SUSPICIOUS_MOVE = YES;
				CLANG_WARN_UNGUARDED_AVAILABILITY = YES_AGGRESSIVE;
				CLANG_WARN_UNREACHABLE_CODE = YES;
				CLANG_WARN__DUPLICATE_METHOD_MATCH = YES;
				COPY_PHASE_STRIP = NO;
				DEBUG_INFORMATION_FORMAT = dwarf;
				ENABLE_STRICT_OBJC_MSGSEND = YES;
				ENABLE_TESTABILITY = YES;
				GCC_C_LANGUAGE_STANDARD = gnu11;
				GCC_DYNAMIC_NO_PIC = NO;
				GCC_NO_COMMON_BLOCKS = YES;
				GCC_OPTIMIZATION_LEVEL = 0;
				GCC_PREPROCESSOR_DEFINITIONS = (
					"DEBUG=1",
					"$(inherited)",
				);
				GCC_WARN_64_TO_32_BIT_CONVERSION = YES;
				GCC_WARN_ABOUT_RETURN_TYPE = YES_ERROR;
				GCC_WARN_UNDECLARED_SELECTOR = YES;
				GCC_WARN_UNINITIALIZED_AUTOS = YES_AGGRESSIVE;
				GCC_WARN_UNUSED_FUNCTION = YES;
				GCC_WARN_UNUSED_VARIABLE = YES;
				IPHONEOS_DEPLOYMENT_TARGET = 14.4;
				MTL_ENABLE_DEBUG_INFO = INCLUDE_SOURCE;
				MTL_FAST_MATH = YES;
				ONLY_ACTIVE_ARCH = YES;
				SDKROOT = iphoneos;
				SWIFT_ACTIVE_COMPILATION_CONDITIONS = DEBUG;
				SWIFT_OPTIMIZATION_LEVEL = "-Onone";
			};
			name = Debug;
		};
		D9CB0EB426093DDA009203AB /* Release */ = {
			isa = XCBuildConfiguration;
			buildSettings = {
				ALWAYS_SEARCH_USER_PATHS = NO;
				CLANG_ANALYZER_NONNULL = YES;
				CLANG_ANALYZER_NUMBER_OBJECT_CONVERSION = YES_AGGRESSIVE;
				CLANG_CXX_LANGUAGE_STANDARD = "gnu++14";
				CLANG_CXX_LIBRARY = "libc++";
				CLANG_ENABLE_MODULES = YES;
				CLANG_ENABLE_OBJC_ARC = YES;
				CLANG_ENABLE_OBJC_WEAK = YES;
				CLANG_WARN_BLOCK_CAPTURE_AUTORELEASING = YES;
				CLANG_WARN_BOOL_CONVERSION = YES;
				CLANG_WARN_COMMA = YES;
				CLANG_WARN_CONSTANT_CONVERSION = YES;
				CLANG_WARN_DEPRECATED_OBJC_IMPLEMENTATIONS = YES;
				CLANG_WARN_DIRECT_OBJC_ISA_USAGE = YES_ERROR;
				CLANG_WARN_DOCUMENTATION_COMMENTS = YES;
				CLANG_WARN_EMPTY_BODY = YES;
				CLANG_WARN_ENUM_CONVERSION = YES;
				CLANG_WARN_INFINITE_RECURSION = YES;
				CLANG_WARN_INT_CONVERSION = YES;
				CLANG_WARN_NON_LITERAL_NULL_CONVERSION = YES;
				CLANG_WARN_OBJC_IMPLICIT_RETAIN_SELF = YES;
				CLANG_WARN_OBJC_LITERAL_CONVERSION = YES;
				CLANG_WARN_OBJC_ROOT_CLASS = YES_ERROR;
				CLANG_WARN_QUOTED_INCLUDE_IN_FRAMEWORK_HEADER = YES;
				CLANG_WARN_RANGE_LOOP_ANALYSIS = YES;
				CLANG_WARN_STRICT_PROTOTYPES = YES;
				CLANG_WARN_SUSPICIOUS_MOVE = YES;
				CLANG_WARN_UNGUARDED_AVAILABILITY = YES_AGGRESSIVE;
				CLANG_WARN_UNREACHABLE_CODE = YES;
				CLANG_WARN__DUPLICATE_METHOD_MATCH = YES;
				COPY_PHASE_STRIP = NO;
				DEBUG_INFORMATION_FORMAT = "dwarf-with-dsym";
				ENABLE_NS_ASSERTIONS = NO;
				ENABLE_STRICT_OBJC_MSGSEND = YES;
				GCC_C_LANGUAGE_STANDARD = gnu11;
				GCC_NO_COMMON_BLOCKS = YES;
				GCC_WARN_64_TO_32_BIT_CONVERSION = YES;
				GCC_WARN_ABOUT_RETURN_TYPE = YES_ERROR;
				GCC_WARN_UNDECLARED_SELECTOR = YES;
				GCC_WARN_UNINITIALIZED_AUTOS = YES_AGGRESSIVE;
				GCC_WARN_UNUSED_FUNCTION = YES;
				GCC_WARN_UNUSED_VARIABLE = YES;
				IPHONEOS_DEPLOYMENT_TARGET = 14.4;
				MTL_ENABLE_DEBUG_INFO = NO;
				MTL_FAST_MATH = YES;
				SDKROOT = iphoneos;
				SWIFT_COMPILATION_MODE = wholemodule;
				SWIFT_OPTIMIZATION_LEVEL = "-O";
				VALIDATE_PRODUCT = YES;
			};
			name = Release;
		};
		D9CB0EB626093DDA009203AB /* Debug */ = {
			isa = XCBuildConfiguration;
			baseConfigurationReference = 543AD1539B9E71BBC4C485BC /* Pods-Parstagram.debug.xcconfig */;
			buildSettings = {
				ASSETCATALOG_COMPILER_APPICON_NAME = AppIcon;
				ASSETCATALOG_COMPILER_GLOBAL_ACCENT_COLOR_NAME = AccentColor;
				CODE_SIGN_STYLE = Automatic;
				INFOPLIST_FILE = Parstagram/Info.plist;
				LD_RUNPATH_SEARCH_PATHS = (
					"$(inherited)",
					"@executable_path/Frameworks",
				);
				PRODUCT_BUNDLE_IDENTIFIER = Codepath.Parstagram;
				PRODUCT_NAME = "$(TARGET_NAME)";
				SWIFT_VERSION = 5.0;
				TARGETED_DEVICE_FAMILY = "1,2";
			};
			name = Debug;
		};
		D9CB0EB726093DDA009203AB /* Release */ = {
			isa = XCBuildConfiguration;
			baseConfigurationReference = FF27CC7B3E26276BD864C112 /* Pods-Parstagram.release.xcconfig */;
			buildSettings = {
				ASSETCATALOG_COMPILER_APPICON_NAME = AppIcon;
				ASSETCATALOG_COMPILER_GLOBAL_ACCENT_COLOR_NAME = AccentColor;
				CODE_SIGN_STYLE = Automatic;
				INFOPLIST_FILE = Parstagram/Info.plist;
				LD_RUNPATH_SEARCH_PATHS = (
					"$(inherited)",
					"@executable_path/Frameworks",
				);
				PRODUCT_BUNDLE_IDENTIFIER = Codepath.Parstagram;
				PRODUCT_NAME = "$(TARGET_NAME)";
				SWIFT_VERSION = 5.0;
				TARGETED_DEVICE_FAMILY = "1,2";
			};
			name = Release;
		};
		D9CB0EB926093DDA009203AB /* Debug */ = {
			isa = XCBuildConfiguration;
			baseConfigurationReference = 450312F075CE4747B5BCDA35 /* Pods-ParstagramTests.debug.xcconfig */;
			buildSettings = {
				ALWAYS_EMBED_SWIFT_STANDARD_LIBRARIES = YES;
				BUNDLE_LOADER = "$(TEST_HOST)";
				CODE_SIGN_STYLE = Automatic;
				INFOPLIST_FILE = ParstagramTests/Info.plist;
				IPHONEOS_DEPLOYMENT_TARGET = 14.4;
				LD_RUNPATH_SEARCH_PATHS = (
					"$(inherited)",
					"@executable_path/Frameworks",
					"@loader_path/Frameworks",
				);
				PRODUCT_BUNDLE_IDENTIFIER = Codepath.ParstagramTests;
				PRODUCT_NAME = "$(TARGET_NAME)";
				SWIFT_VERSION = 5.0;
				TARGETED_DEVICE_FAMILY = "1,2";
				TEST_HOST = "$(BUILT_PRODUCTS_DIR)/Parstagram.app/Parstagram";
			};
			name = Debug;
		};
		D9CB0EBA26093DDA009203AB /* Release */ = {
			isa = XCBuildConfiguration;
			baseConfigurationReference = 825889411913262D1F4437B4 /* Pods-ParstagramTests.release.xcconfig */;
			buildSettings = {
				ALWAYS_EMBED_SWIFT_STANDARD_LIBRARIES = YES;
				BUNDLE_LOADER = "$(TEST_HOST)";
				CODE_SIGN_STYLE = Automatic;
				INFOPLIST_FILE = ParstagramTests/Info.plist;
				IPHONEOS_DEPLOYMENT_TARGET = 14.4;
				LD_RUNPATH_SEARCH_PATHS = (
					"$(inherited)",
					"@executable_path/Frameworks",
					"@loader_path/Frameworks",
				);
				PRODUCT_BUNDLE_IDENTIFIER = Codepath.ParstagramTests;
				PRODUCT_NAME = "$(TARGET_NAME)";
				SWIFT_VERSION = 5.0;
				TARGETED_DEVICE_FAMILY = "1,2";
				TEST_HOST = "$(BUILT_PRODUCTS_DIR)/Parstagram.app/Parstagram";
			};
			name = Release;
		};
		D9CB0EBC26093DDA009203AB /* Debug */ = {
			isa = XCBuildConfiguration;
			baseConfigurationReference = A7C426DBC796B52B229D48A4 /* Pods-Parstagram-ParstagramUITests.debug.xcconfig */;
			buildSettings = {
				ALWAYS_EMBED_SWIFT_STANDARD_LIBRARIES = YES;
				CODE_SIGN_STYLE = Automatic;
				INFOPLIST_FILE = ParstagramUITests/Info.plist;
				LD_RUNPATH_SEARCH_PATHS = (
					"$(inherited)",
					"@executable_path/Frameworks",
					"@loader_path/Frameworks",
				);
				PRODUCT_BUNDLE_IDENTIFIER = Codepath.ParstagramUITests;
				PRODUCT_NAME = "$(TARGET_NAME)";
				SWIFT_VERSION = 5.0;
				TARGETED_DEVICE_FAMILY = "1,2";
				TEST_TARGET_NAME = Parstagram;
			};
			name = Debug;
		};
		D9CB0EBD26093DDA009203AB /* Release */ = {
			isa = XCBuildConfiguration;
			baseConfigurationReference = 941FC798E6FC167A08E62FE0 /* Pods-Parstagram-ParstagramUITests.release.xcconfig */;
			buildSettings = {
				ALWAYS_EMBED_SWIFT_STANDARD_LIBRARIES = YES;
				CODE_SIGN_STYLE = Automatic;
				INFOPLIST_FILE = ParstagramUITests/Info.plist;
				LD_RUNPATH_SEARCH_PATHS = (
					"$(inherited)",
					"@executable_path/Frameworks",
					"@loader_path/Frameworks",
				);
				PRODUCT_BUNDLE_IDENTIFIER = Codepath.ParstagramUITests;
				PRODUCT_NAME = "$(TARGET_NAME)";
				SWIFT_VERSION = 5.0;
				TARGETED_DEVICE_FAMILY = "1,2";
				TEST_TARGET_NAME = Parstagram;
			};
			name = Release;
		};
/* End XCBuildConfiguration section */

/* Begin XCConfigurationList section */
		D9CB0E8626093DD8009203AB /* Build configuration list for PBXProject "Parstagram" */ = {
			isa = XCConfigurationList;
			buildConfigurations = (
				D9CB0EB326093DDA009203AB /* Debug */,
				D9CB0EB426093DDA009203AB /* Release */,
			);
			defaultConfigurationIsVisible = 0;
			defaultConfigurationName = Release;
		};
		D9CB0EB526093DDA009203AB /* Build configuration list for PBXNativeTarget "Parstagram" */ = {
			isa = XCConfigurationList;
			buildConfigurations = (
				D9CB0EB626093DDA009203AB /* Debug */,
				D9CB0EB726093DDA009203AB /* Release */,
			);
			defaultConfigurationIsVisible = 0;
			defaultConfigurationName = Release;
		};
		D9CB0EB826093DDA009203AB /* Build configuration list for PBXNativeTarget "ParstagramTests" */ = {
			isa = XCConfigurationList;
			buildConfigurations = (
				D9CB0EB926093DDA009203AB /* Debug */,
				D9CB0EBA26093DDA009203AB /* Release */,
			);
			defaultConfigurationIsVisible = 0;
			defaultConfigurationName = Release;
		};
		D9CB0EBB26093DDA009203AB /* Build configuration list for PBXNativeTarget "ParstagramUITests" */ = {
			isa = XCConfigurationList;
			buildConfigurations = (
				D9CB0EBC26093DDA009203AB /* Debug */,
				D9CB0EBD26093DDA009203AB /* Release */,
			);
			defaultConfigurationIsVisible = 0;
			defaultConfigurationName = Release;
		};
/* End XCConfigurationList section */
	};
	rootObject = D9CB0E8326093DD8009203AB /* Project object */;
}
